
Microsoft Visual Studio Solution File, Format Version 11.00
# Visual Studio 2010
Project("{FAE04EC0-301F-11D3-BF4B-00C04F79EFBC}") = "Assembly-CSharp", "Assembly-CSharp.csproj", "{c385be2a-a94f-990a-174a-09debd134bf5}"
EndProject
Project("{FAE04EC0-301F-11D3-BF4B-00C04F79EFBC}") = "Assembly-CSharp-Editor", "Assembly-CSharp-Editor.csproj", "{ff530af7-6f35-82ba-035b-9d2ff246cff2}"
EndProject
Project("{FAE04EC0-301F-11D3-BF4B-00C04F79EFBC}") = "ThryAssemblyDefinition", "ThryAssemblyDefinition.csproj", "{2dcba2ee-d669-7fa3-ffb8-b5df717faf74}"
EndProject
Global
	GlobalSection(SolutionConfigurationPlatforms) = preSolution
		Debug|Any CPU = Debug|Any CPU
	EndGlobalSection
	GlobalSection(ProjectConfigurationPlatforms) = postSolution
		{c385be2a-a94f-990a-174a-09debd134bf5}.Debug|Any CPU.ActiveCfg = Debug|Any CPU
		{c385be2a-a94f-990a-174a-09debd134bf5}.Debug|Any CPU.Build.0 = Debug|Any CPU
		{ff530af7-6f35-82ba-035b-9d2ff246cff2}.Debug|Any CPU.ActiveCfg = Debug|Any CPU
		{ff530af7-6f35-82ba-035b-9d2ff246cff2}.Debug|Any CPU.Build.0 = Debug|Any CPU
		{2dcba2ee-d669-7fa3-ffb8-b5df717faf74}.Debug|Any CPU.ActiveCfg = Debug|Any CPU
		{2dcba2ee-d669-7fa3-ffb8-b5df717faf74}.Debug|Any CPU.Build.0 = Debug|Any CPU
	EndGlobalSection
	GlobalSection(SolutionProperties) = preSolution
		HideSolutionNode = FALSE
	EndGlobalSection
EndGlobal
