
Microsoft Visual Studio Solution File, Format Version 11.00
# Visual Studio 2010
Project("{FAE04EC0-301F-11D3-BF4B-00C04F79EFBC}") = "Assembly-CSharp", "Assembly-CSharp.csproj", "{2ABE85C3-4FA9-0A99-174A-09DEBD134BF5}"
EndProject
Project("{FAE04EC0-301F-11D3-BF4B-00C04F79EFBC}") = "Assembly-CSharp-Editor", "Assembly-CSharp-Editor.csproj", "{F70A53FF-356F-BA82-035B-9D2FF246CFF2}"
EndProject
Project("{FAE04EC0-301F-11D3-BF4B-00C04F79EFBC}") = "ThryAssemblyDefinition", "ThryAssemblyDefinition.csproj", "{EEA2CB2D-69D6-A37F-FFB8-B5DF717FAF74}"
EndProject
Global
	GlobalSection(SolutionConfigurationPlatforms) = preSolution
		Debug|Any CPU = Debug|Any CPU
		Release|Any CPU = Release|Any CPU
	EndGlobalSection
	GlobalSection(ProjectConfigurationPlatforms) = postSolution
		{2ABE85C3-4FA9-0A99-174A-09DEBD134BF5}.Debug|Any CPU.ActiveCfg = Debug|Any CPU
		{2ABE85C3-4FA9-0A99-174A-09DEBD134BF5}.Debug|Any CPU.Build.0 = Debug|Any CPU
		{2ABE85C3-4FA9-0A99-174A-09DEBD134BF5}.Release|Any CPU.ActiveCfg = Release|Any CPU
		{2ABE85C3-4FA9-0A99-174A-09DEBD134BF5}.Release|Any CPU.Build.0 = Release|Any CPU
		{F70A53FF-356F-BA82-035B-9D2FF246CFF2}.Debug|Any CPU.ActiveCfg = Debug|Any CPU
		{F70A53FF-356F-BA82-035B-9D2FF246CFF2}.Debug|Any CPU.Build.0 = Debug|Any CPU
		{F70A53FF-356F-BA82-035B-9D2FF246CFF2}.Release|Any CPU.ActiveCfg = Release|Any CPU
		{F70A53FF-356F-BA82-035B-9D2FF246CFF2}.Release|Any CPU.Build.0 = Release|Any CPU
		{EEA2CB2D-69D6-A37F-FFB8-B5DF717FAF74}.Debug|Any CPU.ActiveCfg = Debug|Any CPU
		{EEA2CB2D-69D6-A37F-FFB8-B5DF717FAF74}.Debug|Any CPU.Build.0 = Debug|Any CPU
		{EEA2CB2D-69D6-A37F-FFB8-B5DF717FAF74}.Release|Any CPU.ActiveCfg = Release|Any CPU
		{EEA2CB2D-69D6-A37F-FFB8-B5DF717FAF74}.Release|Any CPU.Build.0 = Release|Any CPU
	EndGlobalSection
	GlobalSection(SolutionProperties) = preSolution
		HideSolutionNode = FALSE
	EndGlobalSection
EndGlobal
